{
  "version": 4,
  "terraform_version": "1.6.3",
  "serial": 5,
  "lineage": "932e4515-bb41-3dd4-3d0d-074cb37f68e0",
  "outputs": {},
  "resources": [
    {
      "mode": "data",
      "type": "openstack_images_image_v2",
      "name": "image_1",
      "provider": "provider[\"registry.terraform.io/terraform-provider-openstack/openstack\"]",
      "instances": [
        {
          "schema_version": 0,
          "attributes": {
            "checksum": "ea15523b4974e10b25287bf8987b7620",
            "container_format": "bare",
            "created_at": "2023-11-07T06:59:22Z",
            "disk_format": "raw",
            "file": "/v2/images/1fd341e8-82c2-4421-8a37-912cd5ee3ae3/file",
            "hidden": false,
            "id": "1fd341e8-82c2-4421-8a37-912cd5ee3ae3",
            "member_status": null,
            "metadata": {},
            "min_disk_gb": 8,
            "min_ram_mb": 512,
            "most_recent": true,
            "name": "Ubuntu 22.04 LTS 64-bit",
            "owner": "3acf7ceddc024b86b86ef151e4972805",
            "properties": {
              "direct_url": "rbd://49f37ff2-48ad-4eb7-962e-4e6365bc9c03/images/1fd341e8-82c2-4421-8a37-912cd5ee3ae3/snap",
              "hw_disk_bus": "scsi",
              "hw_qemu_guest_agent": "yes",
              "hw_scsi_model": "virtio-scsi",
              "os_distro": "ubuntu",
              "os_hash_algo": "sha512",
              "os_hash_value": "d629ce1d8a5f6d52e531b0bd9498dccb1a48866aa435796fc5a6dc9c4cd00b5d4b8d9ca9a8ea9789431dc67de64c245436114f4395f99b5cfe29cb6ac2018565",
              "os_type": "linux",
              "stores": "ru-9a",
              "watchdog": "pause",
              "x_sel_image_agent_type": "cloud-init",
              "x_sel_image_os_arch": "amd64",
              "x_sel_image_os_dist": "ubuntu",
              "x_sel_image_owner": "Selectel",
              "x_sel_image_source_file": "ubuntu-jammy-amd64-selectel-master-product-0.1.img",
              "x_sel_image_type": "master",
              "x_sel_os_type": "linux"
            },
            "protected": false,
            "region": "ru-9",
            "schema": "/v2/schemas/image",
            "size_bytes": 6287851520,
            "size_max": null,
            "size_min": null,
            "sort_direction": "asc",
            "sort_key": "name",
            "tag": null,
            "tags": [],
            "updated_at": "2023-11-07T07:01:09Z",
            "visibility": "public"
          },
          "sensitive_attributes": []
        }
      ]
    },
    {
      "mode": "data",
      "type": "openstack_networking_network_v2",
      "name": "network_1",
      "provider": "provider[\"registry.terraform.io/terraform-provider-openstack/openstack\"]",
      "instances": [
        {
          "schema_version": 0,
          "attributes": {
            "admin_state_up": "true",
            "all_tags": [],
            "availability_zone_hints": [],
            "description": "",
            "dns_domain": "",
            "external": false,
            "id": "168390bd-66e5-4325-ae21-0f91899a4344",
            "matching_subnet_cidr": null,
            "mtu": 1500,
            "name": "sus-network_1",
            "network_id": null,
            "region": "ru-9",
            "shared": "false",
            "status": null,
            "subnets": [
              "4133692a-ea5b-4e5d-98fe-462b73f13908"
            ],
            "tags": null,
            "tenant_id": "b82119825e2745cc852741ad01b98ece",
            "transparent_vlan": false
          },
          "sensitive_attributes": []
        }
      ]
    },
    {
      "mode": "data",
      "type": "openstack_networking_subnet_v2",
      "name": "subnet_1",
      "provider": "provider[\"registry.terraform.io/terraform-provider-openstack/openstack\"]",
      "instances": [
        {
          "schema_version": 0,
          "attributes": {
            "all_tags": [],
            "allocation_pools": [
              {
                "end": "192.168.0.254",
                "start": "192.168.0.2"
              }
            ],
            "cidr": "192.168.0.0/24",
            "description": "",
            "dhcp_disabled": null,
            "dhcp_enabled": null,
            "dns_nameservers": [],
            "enable_dhcp": true,
            "gateway_ip": "192.168.0.1",
            "host_routes": [],
            "id": "4133692a-ea5b-4e5d-98fe-462b73f13908",
            "ip_version": 4,
            "ipv6_address_mode": "",
            "ipv6_ra_mode": "",
            "name": "192.168.0.0/24",
            "network_id": "168390bd-66e5-4325-ae21-0f91899a4344",
            "region": "ru-9",
            "service_types": [],
            "subnet_id": null,
            "subnetpool_id": "",
            "tags": null,
            "tenant_id": "b82119825e2745cc852741ad01b98ece"
          },
          "sensitive_attributes": []
        }
      ]
    },
    {
      "mode": "managed",
      "type": "openstack_compute_flavor_v2",
      "name": "flavor_1",
      "provider": "provider[\"registry.terraform.io/terraform-provider-openstack/openstack\"]",
      "instances": [
        {
          "schema_version": 0,
          "attributes": {
            "description": "",
            "disk": 8,
            "ephemeral": 0,
            "extra_specs": {
              "aggregate_instance_extra_specs:local_disks": "true",
              "quota:disk_read_iops_sec": "12800",
              "quota:disk_total_bytes_sec": "335544320",
              "quota:disk_write_iops_sec": "6400"
            },
            "flavor_id": "2720d372-8428-4a2f-b55b-638193ce2c29",
            "id": "2720d372-8428-4a2f-b55b-638193ce2c29",
            "is_public": false,
            "name": "flavor-4zf9Q",
            "ram": 8192,
            "region": "ru-9",
            "rx_tx_factor": 1,
            "swap": 0,
            "vcpus": 1
          },
          "sensitive_attributes": [],
          "private": "bnVsbA==",
          "dependencies": [
            "random_string.random_name"
          ],
          "create_before_destroy": true
        }
      ]
    },
    {
      "mode": "managed",
      "type": "openstack_compute_instance_v2",
      "name": "instance_1",
      "provider": "provider[\"registry.terraform.io/terraform-provider-openstack/openstack\"]",
      "instances": [
        {
          "schema_version": 0,
          "attributes": {
            "access_ip_v4": "192.168.0.160",
            "access_ip_v6": "",
            "admin_pass": "12345678",
            "all_metadata": {},
            "all_tags": [],
            "availability_zone": "ru-9a",
            "availability_zone_hints": null,
            "block_device": [],
            "config_drive": null,
            "created": "2023-11-09 09:13:17 +0000 UTC",
            "flavor_id": "2720d372-8428-4a2f-b55b-638193ce2c29",
            "flavor_name": "flavor-4zf9Q",
            "floating_ip": null,
            "force_delete": false,
            "id": "f2e66aff-4448-4259-afe0-8eff785cbbf5",
            "image_id": "1fd341e8-82c2-4421-8a37-912cd5ee3ae3",
            "image_name": "Ubuntu 22.04 LTS 64-bit",
            "key_pair": "",
            "metadata": null,
            "name": "tf_Aboba_server",
            "network": [
              {
                "access_network": false,
                "fixed_ip_v4": "192.168.0.160",
                "fixed_ip_v6": "",
                "floating_ip": "",
                "mac": "fa:16:3e:7e:22:f0",
                "name": "sus-network_1",
                "port": "ae2d6b55-98ad-4428-b636-a4c3823ba57a",
                "uuid": "168390bd-66e5-4325-ae21-0f91899a4344"
              }
            ],
            "network_mode": null,
            "personality": [],
            "power_state": "active",
            "region": "ru-9",
            "scheduler_hints": [],
            "security_groups": [],
            "stop_before_destroy": false,
            "tags": null,
            "timeouts": null,
            "updated": "2023-11-09 09:13:49 +0000 UTC",
            "user_data": null,
            "vendor_options": [
              {
                "detach_ports_before_destroy": false,
                "ignore_resize_confirmation": true
              }
            ],
            "volume": []
          },
          "sensitive_attributes": [],
          "private": "eyJlMmJmYjczMC1lY2FhLTExZTYtOGY4OC0zNDM2M2JjN2M0YzAiOnsiY3JlYXRlIjoxODAwMDAwMDAwMDAwLCJkZWxldGUiOjE4MDAwMDAwMDAwMDAsInVwZGF0ZSI6MTgwMDAwMDAwMDAwMH19",
          "dependencies": [
            "data.openstack_images_image_v2.image_1",
            "data.openstack_networking_network_v2.network_1",
            "data.openstack_networking_subnet_v2.subnet_1",
            "openstack_compute_flavor_v2.flavor_1",
            "openstack_networking_port_v2.port_1",
            "random_string.random_name"
          ]
        }
      ]
    },
    {
      "mode": "managed",
      "type": "openstack_networking_port_v2",
      "name": "port_1",
      "provider": "provider[\"registry.terraform.io/terraform-provider-openstack/openstack\"]",
      "instances": [
        {
          "schema_version": 0,
          "attributes": {
            "admin_state_up": true,
            "all_fixed_ips": [
              "192.168.0.160"
            ],
            "all_security_group_ids": [],
            "all_tags": [],
            "allowed_address_pairs": [],
            "binding": [
              {
                "host_id": "",
                "profile": "",
                "vif_details": {},
                "vif_type": "",
                "vnic_type": "normal"
              }
            ],
            "description": "",
            "device_id": "",
            "device_owner": "",
            "dns_assignment": [],
            "dns_name": "",
            "extra_dhcp_option": [],
            "fixed_ip": [
              {
                "ip_address": "",
                "subnet_id": "4133692a-ea5b-4e5d-98fe-462b73f13908"
              }
            ],
            "id": "ae2d6b55-98ad-4428-b636-a4c3823ba57a",
            "mac_address": "fa:16:3e:7e:22:f0",
            "name": "tf_Aboba_server-eth0",
            "network_id": "168390bd-66e5-4325-ae21-0f91899a4344",
            "no_fixed_ip": null,
            "no_security_groups": null,
            "port_security_enabled": true,
            "qos_policy_id": "",
            "region": "ru-9",
            "security_group_ids": null,
            "tags": null,
            "tenant_id": "b82119825e2745cc852741ad01b98ece",
            "timeouts": null,
            "value_specs": null
          },
          "sensitive_attributes": [],
          "private": "eyJlMmJmYjczMC1lY2FhLTExZTYtOGY4OC0zNDM2M2JjN2M0YzAiOnsiY3JlYXRlIjo2MDAwMDAwMDAwMDAsImRlbGV0ZSI6NjAwMDAwMDAwMDAwfX0=",
          "dependencies": [
            "data.openstack_networking_network_v2.network_1",
            "data.openstack_networking_subnet_v2.subnet_1"
          ]
        }
      ]
    },
    {
      "mode": "managed",
      "type": "random_string",
      "name": "random_name",
      "provider": "provider[\"registry.terraform.io/hashicorp/random\"]",
      "instances": [
        {
          "schema_version": 2,
          "attributes": {
            "id": "4zf9Q",
            "keepers": null,
            "length": 5,
            "lower": true,
            "min_lower": 0,
            "min_numeric": 0,
            "min_special": 0,
            "min_upper": 0,
            "number": true,
            "numeric": true,
            "override_special": null,
            "result": "4zf9Q",
            "special": false,
            "upper": true
          },
          "sensitive_attributes": [],
          "create_before_destroy": true
        }
      ]
    }
  ],
  "check_results": null
}
